
Microsoft Visual Studio Solution File, Format Version 12.00
# Visual Studio Version 17
VisualStudioVersion = 17.5.33516.290
MinimumVisualStudioVersion = 10.0.40219.1
Project("{FAE04EC0-301F-11D3-BF4B-00C04F79EFBC}") = "addressbook-web-tests", "addressbook-web-tests.csproj", "{12340169-7885-4332-9C99-A7B23DF26E6D}"
EndProject
Global
	GlobalSection(SolutionConfigurationPlatforms) = preSolution
		Debug|Any CPU = Debug|Any CPU
		Release|Any CPU = Release|Any CPU
	EndGlobalSection
	GlobalSection(ProjectConfigurationPlatforms) = postSolution
		{12340169-7885-4332-9C99-A7B23DF26E6D}.Debug|Any CPU.ActiveCfg = Debug|Any CPU
		{12340169-7885-4332-9C99-A7B23DF26E6D}.Debug|Any CPU.Build.0 = Debug|Any CPU
		{12340169-7885-4332-9C99-A7B23DF26E6D}.Release|Any CPU.ActiveCfg = Release|Any CPU
		{12340169-7885-4332-9C99-A7B23DF26E6D}.Release|Any CPU.Build.0 = Release|Any CPU
	EndGlobalSection
	GlobalSection(SolutionProperties) = preSolution
		HideSolutionNode = FALSE
	EndGlobalSection
	GlobalSection(ExtensibilityGlobals) = postSolution
		SolutionGuid = {D638B6C5-E434-488E-A119-03C6F20632D1}
	EndGlobalSection
EndGlobal
